
Microsoft Visual Studio Solution File, Format Version 12.00
# Visual Studio Version 16
VisualStudioVersion = 16.0.31911.196
MinimumVisualStudioVersion = 10.0.40219.1
Project("{FAE04EC0-301F-11D3-BF4B-00C04F79EFBC}") = "RSA", "RSA\RSA.csproj", "{FE9BFCB2-359D-47E3-94AB-75BCFD2508D9}"
EndProject
Global
	GlobalSection(SolutionConfigurationPlatforms) = preSolution
		Debug|Any CPU = Debug|Any CPU
		Release|Any CPU = Release|Any CPU
	EndGlobalSection
	GlobalSection(ProjectConfigurationPlatforms) = postSolution
		{FE9BFCB2-359D-47E3-94AB-75BCFD2508D9}.Debug|Any CPU.ActiveCfg = Debug|Any CPU
		{FE9BFCB2-359D-47E3-94AB-75BCFD2508D9}.Debug|Any CPU.Build.0 = Debug|Any CPU
		{FE9BFCB2-359D-47E3-94AB-75BCFD2508D9}.Release|Any CPU.ActiveCfg = Release|Any CPU
		{FE9BFCB2-359D-47E3-94AB-75BCFD2508D9}.Release|Any CPU.Build.0 = Release|Any CPU
	EndGlobalSection
	GlobalSection(SolutionProperties) = preSolution
		HideSolutionNode = FALSE
	EndGlobalSection
	GlobalSection(ExtensibilityGlobals) = postSolution
		SolutionGuid = {D557818D-9A83-41F5-B784-8B1D777B7E01}
	EndGlobalSection
EndGlobal
